Microsoft Visual Studio Solution File, Format Version 12.00
# Visual Studio 14
Project("{8BC9CEB8-8B4A-11D0-8D11-00A0C91BC942}") = "ALL_BUILD", "ALL_BUILD.vcxproj", "{FB568468-7409-361E-8298-8D373AF3D15D}"
	ProjectSection(ProjectDependencies) = postProject
		{F7D194FF-6CCF-3E50-AF78-B7879BB07A9B} = {F7D194FF-6CCF-3E50-AF78-B7879BB07A9B}
		{7E5078EC-6625-3FDA-9416-7DCAF493B218} = {7E5078EC-6625-3FDA-9416-7DCAF493B218}
		{F261200B-5047-3AF3-A85B-3189B1C335BE} = {F261200B-5047-3AF3-A85B-3189B1C335BE}
		{279DCF1E-ACE0-3CA6-BB34-F1B92D4A8E54} = {279DCF1E-ACE0-3CA6-BB34-F1B92D4A8E54}
		{1C83378D-8469-3EC3-96E8-25D134B38EE2} = {1C83378D-8469-3EC3-96E8-25D134B38EE2}
		{7D657948-8EB6-30F1-BA6B-77B486EBC7B1} = {7D657948-8EB6-30F1-BA6B-77B486EBC7B1}
		{C1C15CB6-41D0-3930-ABF6-B7FBE486F385} = {C1C15CB6-41D0-3930-ABF6-B7FBE486F385}
		{9033CF16-9CD8-3849-A226-E2EF0AB0CCFE} = {9033CF16-9CD8-3849-A226-E2EF0AB0CCFE}
		{F2E5188C-9342-3EA4-B84F-F6232503D2E7} = {F2E5188C-9342-3EA4-B84F-F6232503D2E7}
		{3C5E5484-C0D9-3A4B-A954-3826EF5B7CB1} = {3C5E5484-C0D9-3A4B-A954-3826EF5B7CB1}
	EndProjectSection
EndProject
Project("{8BC9CEB8-8B4A-11D0-8D11-00A0C91BC942}") = "INSTALL", "INSTALL.vcxproj", "{955A1F42-5344-3460-B3AB-D671192A6BE8}"
	ProjectSection(ProjectDependencies) = postProject
		{FB568468-7409-361E-8298-8D373AF3D15D} = {FB568468-7409-361E-8298-8D373AF3D15D}
		{7E5078EC-6625-3FDA-9416-7DCAF493B218} = {7E5078EC-6625-3FDA-9416-7DCAF493B218}
	EndProjectSection
EndProject
Project("{8BC9CEB8-8B4A-11D0-8D11-00A0C91BC942}") = "PACKAGE", "PACKAGE.vcxproj", "{BC557102-498B-332F-B02A-EA816595E447}"
	ProjectSection(ProjectDependencies) = postProject
		{FB568468-7409-361E-8298-8D373AF3D15D} = {FB568468-7409-361E-8298-8D373AF3D15D}
		{7E5078EC-6625-3FDA-9416-7DCAF493B218} = {7E5078EC-6625-3FDA-9416-7DCAF493B218}
	EndProjectSection
EndProject
Project("{8BC9CEB8-8B4A-11D0-8D11-00A0C91BC942}") = "Photon", "Photon.vcxproj", "{F7D194FF-6CCF-3E50-AF78-B7879BB07A9B}"
	ProjectSection(ProjectDependencies) = postProject
		{7E5078EC-6625-3FDA-9416-7DCAF493B218} = {7E5078EC-6625-3FDA-9416-7DCAF493B218}
	EndProjectSection
EndProject
Project("{8BC9CEB8-8B4A-11D0-8D11-00A0C91BC942}") = "ZERO_CHECK", "ZERO_CHECK.vcxproj", "{7E5078EC-6625-3FDA-9416-7DCAF493B218}"
	ProjectSection(ProjectDependencies) = postProject
	EndProjectSection
EndProject
Project("{8BC9CEB8-8B4A-11D0-8D11-00A0C91BC942}") = "libwebrtc_build", "Targets\Build\libwebrtc_build.vcxproj", "{F261200B-5047-3AF3-A85B-3189B1C335BE}"
	ProjectSection(ProjectDependencies) = postProject
		{7E5078EC-6625-3FDA-9416-7DCAF493B218} = {7E5078EC-6625-3FDA-9416-7DCAF493B218}
		{C1C15CB6-41D0-3930-ABF6-B7FBE486F385} = {C1C15CB6-41D0-3930-ABF6-B7FBE486F385}
	EndProjectSection
EndProject
Project("{8BC9CEB8-8B4A-11D0-8D11-00A0C91BC942}") = "libwebrtc_chromium_deps", "Targets\Fetch\libwebrtc_chromium_deps.vcxproj", "{279DCF1E-ACE0-3CA6-BB34-F1B92D4A8E54}"
	ProjectSection(ProjectDependencies) = postProject
		{7E5078EC-6625-3FDA-9416-7DCAF493B218} = {7E5078EC-6625-3FDA-9416-7DCAF493B218}
		{3C5E5484-C0D9-3A4B-A954-3826EF5B7CB1} = {3C5E5484-C0D9-3A4B-A954-3826EF5B7CB1}
	EndProjectSection
EndProject
Project("{8BC9CEB8-8B4A-11D0-8D11-00A0C91BC942}") = "libwebrtc_clang", "Targets\Fetch\libwebrtc_clang.vcxproj", "{1C83378D-8469-3EC3-96E8-25D134B38EE2}"
	ProjectSection(ProjectDependencies) = postProject
		{7E5078EC-6625-3FDA-9416-7DCAF493B218} = {7E5078EC-6625-3FDA-9416-7DCAF493B218}
		{279DCF1E-ACE0-3CA6-BB34-F1B92D4A8E54} = {279DCF1E-ACE0-3CA6-BB34-F1B92D4A8E54}
	EndProjectSection
EndProject
Project("{8BC9CEB8-8B4A-11D0-8D11-00A0C91BC942}") = "libwebrtc_config", "Targets\Fetch\libwebrtc_config.vcxproj", "{7D657948-8EB6-30F1-BA6B-77B486EBC7B1}"
	ProjectSection(ProjectDependencies) = postProject
		{7E5078EC-6625-3FDA-9416-7DCAF493B218} = {7E5078EC-6625-3FDA-9416-7DCAF493B218}
	EndProjectSection
EndProject
Project("{8BC9CEB8-8B4A-11D0-8D11-00A0C91BC942}") = "libwebrtc_generate_build", "Targets\Build\libwebrtc_generate_build.vcxproj", "{C1C15CB6-41D0-3930-ABF6-B7FBE486F385}"
	ProjectSection(ProjectDependencies) = postProject
		{7E5078EC-6625-3FDA-9416-7DCAF493B218} = {7E5078EC-6625-3FDA-9416-7DCAF493B218}
		{9033CF16-9CD8-3849-A226-E2EF0AB0CCFE} = {9033CF16-9CD8-3849-A226-E2EF0AB0CCFE}
	EndProjectSection
EndProject
Project("{8BC9CEB8-8B4A-11D0-8D11-00A0C91BC942}") = "libwebrtc_links", "Targets\Fetch\libwebrtc_links.vcxproj", "{9033CF16-9CD8-3849-A226-E2EF0AB0CCFE}"
	ProjectSection(ProjectDependencies) = postProject
		{7E5078EC-6625-3FDA-9416-7DCAF493B218} = {7E5078EC-6625-3FDA-9416-7DCAF493B218}
		{1C83378D-8469-3EC3-96E8-25D134B38EE2} = {1C83378D-8469-3EC3-96E8-25D134B38EE2}
	EndProjectSection
EndProject
Project("{8BC9CEB8-8B4A-11D0-8D11-00A0C91BC942}") = "libwebrtc_merge", "Targets\Build\libwebrtc_merge.vcxproj", "{F2E5188C-9342-3EA4-B84F-F6232503D2E7}"
	ProjectSection(ProjectDependencies) = postProject
		{7E5078EC-6625-3FDA-9416-7DCAF493B218} = {7E5078EC-6625-3FDA-9416-7DCAF493B218}
		{F261200B-5047-3AF3-A85B-3189B1C335BE} = {F261200B-5047-3AF3-A85B-3189B1C335BE}
	EndProjectSection
EndProject
Project("{8BC9CEB8-8B4A-11D0-8D11-00A0C91BC942}") = "libwebrtc_sync", "Targets\Fetch\libwebrtc_sync.vcxproj", "{3C5E5484-C0D9-3A4B-A954-3826EF5B7CB1}"
	ProjectSection(ProjectDependencies) = postProject
		{7E5078EC-6625-3FDA-9416-7DCAF493B218} = {7E5078EC-6625-3FDA-9416-7DCAF493B218}
		{7D657948-8EB6-30F1-BA6B-77B486EBC7B1} = {7D657948-8EB6-30F1-BA6B-77B486EBC7B1}
	EndProjectSection
EndProject
Global
	GlobalSection(SolutionConfigurationPlatforms) = preSolution
		Debug|x64 = Debug|x64
		Release|x64 = Release|x64
		MinSizeRel|x64 = MinSizeRel|x64
		RelWithDebInfo|x64 = RelWithDebInfo|x64
	EndGlobalSection
	GlobalSection(ProjectConfigurationPlatforms) = postSolution
		{FB568468-7409-361E-8298-8D373AF3D15D}.Debug|x64.ActiveCfg = Debug|x64
		{FB568468-7409-361E-8298-8D373AF3D15D}.Debug|x64.Build.0 = Debug|x64
		{FB568468-7409-361E-8298-8D373AF3D15D}.Release|x64.ActiveCfg = Release|x64
		{FB568468-7409-361E-8298-8D373AF3D15D}.Release|x64.Build.0 = Release|x64
		{FB568468-7409-361E-8298-8D373AF3D15D}.MinSizeRel|x64.ActiveCfg = MinSizeRel|x64
		{FB568468-7409-361E-8298-8D373AF3D15D}.MinSizeRel|x64.Build.0 = MinSizeRel|x64
		{FB568468-7409-361E-8298-8D373AF3D15D}.RelWithDebInfo|x64.ActiveCfg = RelWithDebInfo|x64
		{FB568468-7409-361E-8298-8D373AF3D15D}.RelWithDebInfo|x64.Build.0 = RelWithDebInfo|x64
		{955A1F42-5344-3460-B3AB-D671192A6BE8}.Debug|x64.ActiveCfg = Debug|x64
		{955A1F42-5344-3460-B3AB-D671192A6BE8}.Release|x64.ActiveCfg = Release|x64
		{955A1F42-5344-3460-B3AB-D671192A6BE8}.MinSizeRel|x64.ActiveCfg = MinSizeRel|x64
		{955A1F42-5344-3460-B3AB-D671192A6BE8}.RelWithDebInfo|x64.ActiveCfg = RelWithDebInfo|x64
		{BC557102-498B-332F-B02A-EA816595E447}.Debug|x64.ActiveCfg = Debug|x64
		{BC557102-498B-332F-B02A-EA816595E447}.Release|x64.ActiveCfg = Release|x64
		{BC557102-498B-332F-B02A-EA816595E447}.MinSizeRel|x64.ActiveCfg = MinSizeRel|x64
		{BC557102-498B-332F-B02A-EA816595E447}.RelWithDebInfo|x64.ActiveCfg = RelWithDebInfo|x64
		{F7D194FF-6CCF-3E50-AF78-B7879BB07A9B}.Debug|x64.ActiveCfg = Debug|x64
		{F7D194FF-6CCF-3E50-AF78-B7879BB07A9B}.Debug|x64.Build.0 = Debug|x64
		{F7D194FF-6CCF-3E50-AF78-B7879BB07A9B}.Release|x64.ActiveCfg = Release|x64
		{F7D194FF-6CCF-3E50-AF78-B7879BB07A9B}.Release|x64.Build.0 = Release|x64
		{F7D194FF-6CCF-3E50-AF78-B7879BB07A9B}.MinSizeRel|x64.ActiveCfg = MinSizeRel|x64
		{F7D194FF-6CCF-3E50-AF78-B7879BB07A9B}.MinSizeRel|x64.Build.0 = MinSizeRel|x64
		{F7D194FF-6CCF-3E50-AF78-B7879BB07A9B}.RelWithDebInfo|x64.ActiveCfg = RelWithDebInfo|x64
		{F7D194FF-6CCF-3E50-AF78-B7879BB07A9B}.RelWithDebInfo|x64.Build.0 = RelWithDebInfo|x64
		{7E5078EC-6625-3FDA-9416-7DCAF493B218}.Debug|x64.ActiveCfg = Debug|x64
		{7E5078EC-6625-3FDA-9416-7DCAF493B218}.Debug|x64.Build.0 = Debug|x64
		{7E5078EC-6625-3FDA-9416-7DCAF493B218}.Release|x64.ActiveCfg = Release|x64
		{7E5078EC-6625-3FDA-9416-7DCAF493B218}.Release|x64.Build.0 = Release|x64
		{7E5078EC-6625-3FDA-9416-7DCAF493B218}.MinSizeRel|x64.ActiveCfg = MinSizeRel|x64
		{7E5078EC-6625-3FDA-9416-7DCAF493B218}.MinSizeRel|x64.Build.0 = MinSizeRel|x64
		{7E5078EC-6625-3FDA-9416-7DCAF493B218}.RelWithDebInfo|x64.ActiveCfg = RelWithDebInfo|x64
		{7E5078EC-6625-3FDA-9416-7DCAF493B218}.RelWithDebInfo|x64.Build.0 = RelWithDebInfo|x64
		{F261200B-5047-3AF3-A85B-3189B1C335BE}.Debug|x64.ActiveCfg = Debug|x64
		{F261200B-5047-3AF3-A85B-3189B1C335BE}.Debug|x64.Build.0 = Debug|x64
		{F261200B-5047-3AF3-A85B-3189B1C335BE}.Release|x64.ActiveCfg = Release|x64
		{F261200B-5047-3AF3-A85B-3189B1C335BE}.Release|x64.Build.0 = Release|x64
		{F261200B-5047-3AF3-A85B-3189B1C335BE}.MinSizeRel|x64.ActiveCfg = MinSizeRel|x64
		{F261200B-5047-3AF3-A85B-3189B1C335BE}.MinSizeRel|x64.Build.0 = MinSizeRel|x64
		{F261200B-5047-3AF3-A85B-3189B1C335BE}.RelWithDebInfo|x64.ActiveCfg = RelWithDebInfo|x64
		{F261200B-5047-3AF3-A85B-3189B1C335BE}.RelWithDebInfo|x64.Build.0 = RelWithDebInfo|x64
		{279DCF1E-ACE0-3CA6-BB34-F1B92D4A8E54}.Debug|x64.ActiveCfg = Debug|x64
		{279DCF1E-ACE0-3CA6-BB34-F1B92D4A8E54}.Debug|x64.Build.0 = Debug|x64
		{279DCF1E-ACE0-3CA6-BB34-F1B92D4A8E54}.Release|x64.ActiveCfg = Release|x64
		{279DCF1E-ACE0-3CA6-BB34-F1B92D4A8E54}.Release|x64.Build.0 = Release|x64
		{279DCF1E-ACE0-3CA6-BB34-F1B92D4A8E54}.MinSizeRel|x64.ActiveCfg = MinSizeRel|x64
		{279DCF1E-ACE0-3CA6-BB34-F1B92D4A8E54}.MinSizeRel|x64.Build.0 = MinSizeRel|x64
		{279DCF1E-ACE0-3CA6-BB34-F1B92D4A8E54}.RelWithDebInfo|x64.ActiveCfg = RelWithDebInfo|x64
		{279DCF1E-ACE0-3CA6-BB34-F1B92D4A8E54}.RelWithDebInfo|x64.Build.0 = RelWithDebInfo|x64
		{1C83378D-8469-3EC3-96E8-25D134B38EE2}.Debug|x64.ActiveCfg = Debug|x64
		{1C83378D-8469-3EC3-96E8-25D134B38EE2}.Debug|x64.Build.0 = Debug|x64
		{1C83378D-8469-3EC3-96E8-25D134B38EE2}.Release|x64.ActiveCfg = Release|x64
		{1C83378D-8469-3EC3-96E8-25D134B38EE2}.Release|x64.Build.0 = Release|x64
		{1C83378D-8469-3EC3-96E8-25D134B38EE2}.MinSizeRel|x64.ActiveCfg = MinSizeRel|x64
		{1C83378D-8469-3EC3-96E8-25D134B38EE2}.MinSizeRel|x64.Build.0 = MinSizeRel|x64
		{1C83378D-8469-3EC3-96E8-25D134B38EE2}.RelWithDebInfo|x64.ActiveCfg = RelWithDebInfo|x64
		{1C83378D-8469-3EC3-96E8-25D134B38EE2}.RelWithDebInfo|x64.Build.0 = RelWithDebInfo|x64
		{7D657948-8EB6-30F1-BA6B-77B486EBC7B1}.Debug|x64.ActiveCfg = Debug|x64
		{7D657948-8EB6-30F1-BA6B-77B486EBC7B1}.Debug|x64.Build.0 = Debug|x64
		{7D657948-8EB6-30F1-BA6B-77B486EBC7B1}.Release|x64.ActiveCfg = Release|x64
		{7D657948-8EB6-30F1-BA6B-77B486EBC7B1}.Release|x64.Build.0 = Release|x64
		{7D657948-8EB6-30F1-BA6B-77B486EBC7B1}.MinSizeRel|x64.ActiveCfg = MinSizeRel|x64
		{7D657948-8EB6-30F1-BA6B-77B486EBC7B1}.MinSizeRel|x64.Build.0 = MinSizeRel|x64
		{7D657948-8EB6-30F1-BA6B-77B486EBC7B1}.RelWithDebInfo|x64.ActiveCfg = RelWithDebInfo|x64
		{7D657948-8EB6-30F1-BA6B-77B486EBC7B1}.RelWithDebInfo|x64.Build.0 = RelWithDebInfo|x64
		{C1C15CB6-41D0-3930-ABF6-B7FBE486F385}.Debug|x64.ActiveCfg = Debug|x64
		{C1C15CB6-41D0-3930-ABF6-B7FBE486F385}.Debug|x64.Build.0 = Debug|x64
		{C1C15CB6-41D0-3930-ABF6-B7FBE486F385}.Release|x64.ActiveCfg = Release|x64
		{C1C15CB6-41D0-3930-ABF6-B7FBE486F385}.Release|x64.Build.0 = Release|x64
		{C1C15CB6-41D0-3930-ABF6-B7FBE486F385}.MinSizeRel|x64.ActiveCfg = MinSizeRel|x64
		{C1C15CB6-41D0-3930-ABF6-B7FBE486F385}.MinSizeRel|x64.Build.0 = MinSizeRel|x64
		{C1C15CB6-41D0-3930-ABF6-B7FBE486F385}.RelWithDebInfo|x64.ActiveCfg = RelWithDebInfo|x64
		{C1C15CB6-41D0-3930-ABF6-B7FBE486F385}.RelWithDebInfo|x64.Build.0 = RelWithDebInfo|x64
		{9033CF16-9CD8-3849-A226-E2EF0AB0CCFE}.Debug|x64.ActiveCfg = Debug|x64
		{9033CF16-9CD8-3849-A226-E2EF0AB0CCFE}.Debug|x64.Build.0 = Debug|x64
		{9033CF16-9CD8-3849-A226-E2EF0AB0CCFE}.Release|x64.ActiveCfg = Release|x64
		{9033CF16-9CD8-3849-A226-E2EF0AB0CCFE}.Release|x64.Build.0 = Release|x64
		{9033CF16-9CD8-3849-A226-E2EF0AB0CCFE}.MinSizeRel|x64.ActiveCfg = MinSizeRel|x64
		{9033CF16-9CD8-3849-A226-E2EF0AB0CCFE}.MinSizeRel|x64.Build.0 = MinSizeRel|x64
		{9033CF16-9CD8-3849-A226-E2EF0AB0CCFE}.RelWithDebInfo|x64.ActiveCfg = RelWithDebInfo|x64
		{9033CF16-9CD8-3849-A226-E2EF0AB0CCFE}.RelWithDebInfo|x64.Build.0 = RelWithDebInfo|x64
		{F2E5188C-9342-3EA4-B84F-F6232503D2E7}.Debug|x64.ActiveCfg = Debug|x64
		{F2E5188C-9342-3EA4-B84F-F6232503D2E7}.Debug|x64.Build.0 = Debug|x64
		{F2E5188C-9342-3EA4-B84F-F6232503D2E7}.Release|x64.ActiveCfg = Release|x64
		{F2E5188C-9342-3EA4-B84F-F6232503D2E7}.Release|x64.Build.0 = Release|x64
		{F2E5188C-9342-3EA4-B84F-F6232503D2E7}.MinSizeRel|x64.ActiveCfg = MinSizeRel|x64
		{F2E5188C-9342-3EA4-B84F-F6232503D2E7}.MinSizeRel|x64.Build.0 = MinSizeRel|x64
		{F2E5188C-9342-3EA4-B84F-F6232503D2E7}.RelWithDebInfo|x64.ActiveCfg = RelWithDebInfo|x64
		{F2E5188C-9342-3EA4-B84F-F6232503D2E7}.RelWithDebInfo|x64.Build.0 = RelWithDebInfo|x64
		{3C5E5484-C0D9-3A4B-A954-3826EF5B7CB1}.Debug|x64.ActiveCfg = Debug|x64
		{3C5E5484-C0D9-3A4B-A954-3826EF5B7CB1}.Debug|x64.Build.0 = Debug|x64
		{3C5E5484-C0D9-3A4B-A954-3826EF5B7CB1}.Release|x64.ActiveCfg = Release|x64
		{3C5E5484-C0D9-3A4B-A954-3826EF5B7CB1}.Release|x64.Build.0 = Release|x64
		{3C5E5484-C0D9-3A4B-A954-3826EF5B7CB1}.MinSizeRel|x64.ActiveCfg = MinSizeRel|x64
		{3C5E5484-C0D9-3A4B-A954-3826EF5B7CB1}.MinSizeRel|x64.Build.0 = MinSizeRel|x64
		{3C5E5484-C0D9-3A4B-A954-3826EF5B7CB1}.RelWithDebInfo|x64.ActiveCfg = RelWithDebInfo|x64
		{3C5E5484-C0D9-3A4B-A954-3826EF5B7CB1}.RelWithDebInfo|x64.Build.0 = RelWithDebInfo|x64
	EndGlobalSection
	GlobalSection(ExtensibilityGlobals) = postSolution
	EndGlobalSection
	GlobalSection(ExtensibilityAddIns) = postSolution
	EndGlobalSection
EndGlobal
